
Microsoft Visual Studio Solution File, Format Version 12.00
# Visual Studio Version 17
VisualStudioVersion = 17.2.32630.192
MinimumVisualStudioVersion = 10.0.40219.1
Project("{9A19103F-16F7-4668-BE54-9A1E7A4F7556}") = "Mindbox Test", "Mindbox Test\Mindbox Test.csproj", "{E88A174E-24FB-4289-A253-B0FE0D4CE632}"
EndProject
Project("{FAE04EC0-301F-11D3-BF4B-00C04F79EFBC}") = "MidndTest TestUnit", "MidndTest TestUnit\MidndTest TestUnit.csproj", "{6D87D712-656F-43CF-AA23-49A50412ED0D}"
EndProject
Global
	GlobalSection(SolutionConfigurationPlatforms) = preSolution
		Debug|Any CPU = Debug|Any CPU
		Release|Any CPU = Release|Any CPU
	EndGlobalSection
	GlobalSection(ProjectConfigurationPlatforms) = postSolution
		{E88A174E-24FB-4289-A253-B0FE0D4CE632}.Debug|Any CPU.ActiveCfg = Debug|Any CPU
		{E88A174E-24FB-4289-A253-B0FE0D4CE632}.Debug|Any CPU.Build.0 = Debug|Any CPU
		{E88A174E-24FB-4289-A253-B0FE0D4CE632}.Release|Any CPU.ActiveCfg = Release|Any CPU
		{E88A174E-24FB-4289-A253-B0FE0D4CE632}.Release|Any CPU.Build.0 = Release|Any CPU
		{6D87D712-656F-43CF-AA23-49A50412ED0D}.Debug|Any CPU.ActiveCfg = Debug|Any CPU
		{6D87D712-656F-43CF-AA23-49A50412ED0D}.Debug|Any CPU.Build.0 = Debug|Any CPU
		{6D87D712-656F-43CF-AA23-49A50412ED0D}.Release|Any CPU.ActiveCfg = Release|Any CPU
		{6D87D712-656F-43CF-AA23-49A50412ED0D}.Release|Any CPU.Build.0 = Release|Any CPU
	EndGlobalSection
	GlobalSection(SolutionProperties) = preSolution
		HideSolutionNode = FALSE
	EndGlobalSection
	GlobalSection(ExtensibilityGlobals) = postSolution
		SolutionGuid = {B8CC7204-EFFD-415C-8B97-0049A55B3BC9}
	EndGlobalSection
EndGlobal
